# This file is automatically @generated by Cargo.
# It is not intended for manual editing.
version = 3

[[package]]
name = "au-chem"
version = "0.1.0"
dependencies = [
 "au-core",
 "au-physics",
]

[[package]]
name = "au-core"
version = "0.1.0"

[[package]]
name = "au-data"
version = "0.1.0"
dependencies = [
 "au-core",
]

[[package]]
name = "au-headless"
version = "0.1.0"
dependencies = [
 "au-chem",
 "au-core",
 "au-data",
 "au-physics",
 "au-planet",
 "au-sim",
]

[[package]]
name = "au-physics"
version = "0.1.0"
dependencies = [
 "au-core",
]

[[package]]
name = "au-planet"
version = "0.1.0"
dependencies = [
 "au-core",
 "au-physics",
]

[[package]]
name = "au-sim"
version = "0.1.0"
dependencies = [
 "au-chem",
 "au-core",
 "au-data",
 "au-physics",
 "au-planet",
]
